
Microsoft Visual Studio Solution File, Format Version 12.00
# Visual Studio Version 17
VisualStudioVersion = 17.0.31903.59
MinimumVisualStudioVersion = 10.0.40219.1
Project("{FAE04EC0-301F-11D3-BF4B-00C04F79EFBC}") = "ConsoleApp1", "ConsoleApp1\ConsoleApp1.csproj", "{A8CB0BAB-D34C-48C2-9474-8CE770DE8C60}"
EndProject
Project("{FAE04EC0-301F-11D3-BF4B-00C04F79EFBC}") = "WeatherSimulator", "WeatherSimulator\WeatherSimulator.csproj", "{C51530B7-B9FB-4D47-A7C1-A352875D9A89}"
EndProject
Project("{FAE04EC0-301F-11D3-BF4B-00C04F79EFBC}") = "OOPS", "OOPS\OOPS.csproj", "{F76943E1-EE66-4BA5-A36B-B31823613923}"
EndProject
Project("{FAE04EC0-301F-11D3-BF4B-00C04F79EFBC}") = "MyQuiz", "MyQuiz\MyQuiz.csproj", "{97CBE937-987B-440E-B724-F8A9C4E7821A}"
EndProject
Project("{FAE04EC0-301F-11D3-BF4B-00C04F79EFBC}") = "Lists", "Lists\Lists.csproj", "{44F77B40-17F6-43A8-98B2-C72215E55B38}"
EndProject
Global
	GlobalSection(SolutionConfigurationPlatforms) = preSolution
		Debug|Any CPU = Debug|Any CPU
		Release|Any CPU = Release|Any CPU
	EndGlobalSection
	GlobalSection(SolutionProperties) = preSolution
		HideSolutionNode = FALSE
	EndGlobalSection
	GlobalSection(ProjectConfigurationPlatforms) = postSolution
		{A8CB0BAB-D34C-48C2-9474-8CE770DE8C60}.Debug|Any CPU.ActiveCfg = Debug|Any CPU
		{A8CB0BAB-D34C-48C2-9474-8CE770DE8C60}.Debug|Any CPU.Build.0 = Debug|Any CPU
		{A8CB0BAB-D34C-48C2-9474-8CE770DE8C60}.Release|Any CPU.ActiveCfg = Release|Any CPU
		{A8CB0BAB-D34C-48C2-9474-8CE770DE8C60}.Release|Any CPU.Build.0 = Release|Any CPU
		{C51530B7-B9FB-4D47-A7C1-A352875D9A89}.Debug|Any CPU.ActiveCfg = Debug|Any CPU
		{C51530B7-B9FB-4D47-A7C1-A352875D9A89}.Debug|Any CPU.Build.0 = Debug|Any CPU
		{C51530B7-B9FB-4D47-A7C1-A352875D9A89}.Release|Any CPU.ActiveCfg = Release|Any CPU
		{C51530B7-B9FB-4D47-A7C1-A352875D9A89}.Release|Any CPU.Build.0 = Release|Any CPU
		{F76943E1-EE66-4BA5-A36B-B31823613923}.Debug|Any CPU.ActiveCfg = Debug|Any CPU
		{F76943E1-EE66-4BA5-A36B-B31823613923}.Debug|Any CPU.Build.0 = Debug|Any CPU
		{F76943E1-EE66-4BA5-A36B-B31823613923}.Release|Any CPU.ActiveCfg = Release|Any CPU
		{F76943E1-EE66-4BA5-A36B-B31823613923}.Release|Any CPU.Build.0 = Release|Any CPU
		{97CBE937-987B-440E-B724-F8A9C4E7821A}.Debug|Any CPU.ActiveCfg = Debug|Any CPU
		{97CBE937-987B-440E-B724-F8A9C4E7821A}.Debug|Any CPU.Build.0 = Debug|Any CPU
		{97CBE937-987B-440E-B724-F8A9C4E7821A}.Release|Any CPU.ActiveCfg = Release|Any CPU
		{97CBE937-987B-440E-B724-F8A9C4E7821A}.Release|Any CPU.Build.0 = Release|Any CPU
		{44F77B40-17F6-43A8-98B2-C72215E55B38}.Debug|Any CPU.ActiveCfg = Debug|Any CPU
		{44F77B40-17F6-43A8-98B2-C72215E55B38}.Debug|Any CPU.Build.0 = Debug|Any CPU
		{44F77B40-17F6-43A8-98B2-C72215E55B38}.Release|Any CPU.ActiveCfg = Release|Any CPU
		{44F77B40-17F6-43A8-98B2-C72215E55B38}.Release|Any CPU.Build.0 = Release|Any CPU
	EndGlobalSection
EndGlobal
